
Microsoft Visual Studio Solution File, Format Version 12.00
# Visual Studio Version 16
VisualStudioVersion = 16.0.30611.23
MinimumVisualStudioVersion = 10.0.40219.1
Project("{FAE04EC0-301F-11D3-BF4B-00C04F79EFBC}") = "ConsoleApp6", "ConsoleApp6.csproj", "{3661010B-A860-4439-AA46-F312EF62E415}"
EndProject
Global
	GlobalSection(SolutionConfigurationPlatforms) = preSolution
		Debug|Any CPU = Debug|Any CPU
		Release|Any CPU = Release|Any CPU
	EndGlobalSection
	GlobalSection(ProjectConfigurationPlatforms) = postSolution
		{3661010B-A860-4439-AA46-F312EF62E415}.Debug|Any CPU.ActiveCfg = Debug|Any CPU
		{3661010B-A860-4439-AA46-F312EF62E415}.Debug|Any CPU.Build.0 = Debug|Any CPU
		{3661010B-A860-4439-AA46-F312EF62E415}.Release|Any CPU.ActiveCfg = Release|Any CPU
		{3661010B-A860-4439-AA46-F312EF62E415}.Release|Any CPU.Build.0 = Release|Any CPU
	EndGlobalSection
	GlobalSection(SolutionProperties) = preSolution
		HideSolutionNode = FALSE
	EndGlobalSection
	GlobalSection(ExtensibilityGlobals) = postSolution
		SolutionGuid = {BAB4D1A3-C1E1-424A-AFBD-614DD8A60587}
	EndGlobalSection
EndGlobal
